
Microsoft Visual Studio Solution File, Format Version 12.00
# Visual Studio Version 17
VisualStudioVersion = 17.14.36414.22 d17.14
MinimumVisualStudioVersion = 10.0.40219.1
Project("{FAE04EC0-301F-11D3-BF4B-00C04F79EFBC}") = "SmartHomeDashboard", "SmartHomeDashboard\SmartHomeDashboard.csproj", "{494C014C-1A36-4556-BFF7-073219DC99F2}"
EndProject
Global
	GlobalSection(SolutionConfigurationPlatforms) = preSolution
		Debug|Any CPU = Debug|Any CPU
		Release|Any CPU = Release|Any CPU
	EndGlobalSection
	GlobalSection(ProjectConfigurationPlatforms) = postSolution
		{494C014C-1A36-4556-BFF7-073219DC99F2}.Debug|Any CPU.ActiveCfg = Debug|Any CPU
		{494C014C-1A36-4556-BFF7-073219DC99F2}.Debug|Any CPU.Build.0 = Debug|Any CPU
		{494C014C-1A36-4556-BFF7-073219DC99F2}.Release|Any CPU.ActiveCfg = Release|Any CPU
		{494C014C-1A36-4556-BFF7-073219DC99F2}.Release|Any CPU.Build.0 = Release|Any CPU
	EndGlobalSection
	GlobalSection(SolutionProperties) = preSolution
		HideSolutionNode = FALSE
	EndGlobalSection
	GlobalSection(ExtensibilityGlobals) = postSolution
		SolutionGuid = {33C8144A-A274-46B0-A202-0E0DB1E00561}
	EndGlobalSection
EndGlobal
